// !$*UTF8*$!
{
	archiveVersion = 1;
	classes = {
	};
	objectVersion = 46;
	objects = {

/* Begin PBXBuildFile section */
		923A2DED1C24E8C60016950A /* AppDelegate.swift in Sources */ = {isa = PBXBuildFile; fileRef = 923A2DEC1C24E8C60016950A /* AppDelegate.swift */; };
		923A2DEF1C24E8C60016950A /* ViewController.swift in Sources */ = {isa = PBXBuildFile; fileRef = 923A2DEE1C24E8C60016950A /* ViewController.swift */; };
		923A2DF21C24E8C60016950A /* Main.storyboard in Resources */ = {isa = PBXBuildFile; fileRef = 923A2DF01C24E8C60016950A /* Main.storyboard */; };
		923A2DF41C24E8C60016950A /* Assets.xcassets in Resources */ = {isa = PBXBuildFile; fileRef = 923A2DF31C24E8C60016950A /* Assets.xcassets */; };
		923A2DF71C24E8C60016950A /* LaunchScreen.storyboard in Resources */ = {isa = PBXBuildFile; fileRef = 923A2DF51C24E8C60016950A /* LaunchScreen.storyboard */; };
		923A2DFF1C24E9220016950A /* Firebase.framework in Frameworks */ = {isa = PBXBuildFile; fileRef = 923A2DFE1C24E9220016950A /* Firebase.framework */; };
		923A2E041C24EE560016950A /* SystemConfiguration.framework in Frameworks */ = {isa = PBXBuildFile; fileRef = 923A2E031C24EE560016950A /* SystemConfiguration.framework */; };
		923A2E071C24EE680016950A /* libc++.1.dylib in Frameworks */ = {isa = PBXBuildFile; fileRef = 923A2E051C24EE680016950A /* libc++.1.dylib */; };
		923A2E081C24EE680016950A /* libicucore.A.dylib in Frameworks */ = {isa = PBXBuildFile; fileRef = 923A2E061C24EE680016950A /* libicucore.A.dylib */; };
		923A2E0A1C24EE750016950A /* CFNetwork.framework in Frameworks */ = {isa = PBXBuildFile; fileRef = 923A2E091C24EE750016950A /* CFNetwork.framework */; };
		923A2E0C1C24EE7F0016950A /* Security.framework in Frameworks */ = {isa = PBXBuildFile; fileRef = 923A2E0B1C24EE7F0016950A /* Security.framework */; };
		923A2E0E1C2516C10016950A /* MainViewController.swift in Sources */ = {isa = PBXBuildFile; fileRef = 923A2E0D1C2516C10016950A /* MainViewController.swift */; };
/* End PBXBuildFile section */

/* Begin PBXFileReference section */
		923A2DE91C24E8C60016950A /* TwitterMach.app */ = {isa = PBXFileReference; explicitFileType = wrapper.application; includeInIndex = 0; path = TwitterMach.app; sourceTree = BUILT_PRODUCTS_DIR; };
		923A2DEC1C24E8C60016950A /* AppDelegate.swift */ = {isa = PBXFileReference; lastKnownFileType = sourcecode.swift; path = AppDelegate.swift; sourceTree = "<group>"; };
		923A2DEE1C24E8C60016950A /* ViewController.swift */ = {isa = PBXFileReference; lastKnownFileType = sourcecode.swift; path = ViewController.swift; sourceTree = "<group>"; };
		923A2DF11C24E8C60016950A /* Base */ = {isa = PBXFileReference; lastKnownFileType = file.storyboard; name = Base; path = Base.lproj/Main.storyboard; sourceTree = "<group>"; };
		923A2DF31C24E8C60016950A /* Assets.xcassets */ = {isa = PBXFileReference; lastKnownFileType = folder.assetcatalog; path = Assets.xcassets; sourceTree = "<group>"; };
		923A2DF61C24E8C60016950A /* Base */ = {isa = PBXFileReference; lastKnownFileType = file.storyboard; name = Base; path = Base.lproj/LaunchScreen.storyboard; sourceTree = "<group>"; };
		923A2DF81C24E8C60016950A /* Info.plist */ = {isa = PBXFileReference; lastKnownFileType = text.plist.xml; path = Info.plist; sourceTree = "<group>"; };
		923A2DFE1C24E9220016950A /* Firebase.framework */ = {isa = PBXFileReference; lastKnownFileType = wrapper.framework; name = Firebase.framework; path = TwitterMach/Firebase.framework; sourceTree = "<group>"; };
		923A2E001C24ECDF0016950A /* TwitterMach-Bridging-Header.h */ = {isa = PBXFileReference; lastKnownFileType = sourcecode.c.h; path = "TwitterMach-Bridging-Header.h"; sourceTree = "<group>"; };
		923A2E031C24EE560016950A /* SystemConfiguration.framework */ = {isa = PBXFileReference; lastKnownFileType = wrapper.framework; name = SystemConfiguration.framework; path = System/Library/Frameworks/SystemConfiguration.framework; sourceTree = SDKROOT; };
		923A2E051C24EE680016950A /* libc++.1.dylib */ = {isa = PBXFileReference; lastKnownFileType = "compiled.mach-o.dylib"; name = "libc++.1.dylib"; path = "../libc++.1.dylib"; sourceTree = "<group>"; };
		923A2E061C24EE680016950A /* libicucore.A.dylib */ = {isa = PBXFileReference; lastKnownFileType = "compiled.mach-o.dylib"; name = libicucore.A.dylib; path = ../libicucore.A.dylib; sourceTree = "<group>"; };
		923A2E091C24EE750016950A /* CFNetwork.framework */ = {isa = PBXFileReference; lastKnownFileType = wrapper.framework; name = CFNetwork.framework; path = System/Library/Frameworks/CFNetwork.framework; sourceTree = SDKROOT; };
		923A2E0B1C24EE7F0016950A /* Security.framework */ = {isa = PBXFileReference; lastKnownFileType = wrapper.framework; name = Security.framework; path = System/Library/Frameworks/Security.framework; sourceTree = SDKROOT; };
		923A2E0D1C2516C10016950A /* MainViewController.swift */ = {isa = PBXFileReference; fileEncoding = 4; lastKnownFileType = sourcecode.swift; path = MainViewController.swift; sourceTree = "<group>"; };
/* End PBXFileReference section */

/* Begin PBXFrameworksBuildPhase section */
		923A2DE61C24E8C60016950A /* Frameworks */ = {
			isa = PBXFrameworksBuildPhase;
			buildActionMask = 2147483647;
			files = (
				923A2E041C24EE560016950A /* SystemConfiguration.framework in Frameworks */,
				923A2E0C1C24EE7F0016950A /* Security.framework in Frameworks */,
				923A2E0A1C24EE750016950A /* CFNetwork.framework in Frameworks */,
				923A2E071C24EE680016950A /* libc++.1.dylib in Frameworks */,
				923A2E081C24EE680016950A /* libicucore.A.dylib in Frameworks */,
				923A2DFF1C24E9220016950A /* Firebase.framework in Frameworks */,
			);
			runOnlyForDeploymentPostprocessing = 0;
		};
/* End PBXFrameworksBuildPhase section */

/* Begin PBXGroup section */
		923A2DE01C24E8C60016950A = {
			isa = PBXGroup;
			children = (
				923A2E101C25170A0016950A /* Libraries */,
				923A2DEB1C24E8C60016950A /* TwitterMach */,
				923A2DEA1C24E8C60016950A /* Products */,
			);
			sourceTree = "<group>";
		};
		923A2DEA1C24E8C60016950A /* Products */ = {
			isa = PBXGroup;
			children = (
				923A2DE91C24E8C60016950A /* TwitterMach.app */,
			);
			name = Products;
			sourceTree = "<group>";
		};
		923A2DEB1C24E8C60016950A /* TwitterMach */ = {
			isa = PBXGroup;
			children = (
				923A2DF01C24E8C60016950A /* Main.storyboard */,
				923A2E111C2517420016950A /* ViewControllers */,
				923A2E0F1C2516EF0016950A /* Support FIles */,
			);
			path = TwitterMach;
			sourceTree = "<group>";
		};
		923A2E0F1C2516EF0016950A /* Support FIles */ = {
			isa = PBXGroup;
			children = (
				923A2DEC1C24E8C60016950A /* AppDelegate.swift */,
				923A2DF31C24E8C60016950A /* Assets.xcassets */,
				923A2DF51C24E8C60016950A /* LaunchScreen.storyboard */,
				923A2DF81C24E8C60016950A /* Info.plist */,
				923A2E001C24ECDF0016950A /* TwitterMach-Bridging-Header.h */,
			);
			name = "Support FIles";
			sourceTree = "<group>";
		};
		923A2E101C25170A0016950A /* Libraries */ = {
			isa = PBXGroup;
			children = (
				923A2E0B1C24EE7F0016950A /* Security.framework */,
				923A2E091C24EE750016950A /* CFNetwork.framework */,
				923A2E051C24EE680016950A /* libc++.1.dylib */,
				923A2E061C24EE680016950A /* libicucore.A.dylib */,
				923A2E031C24EE560016950A /* SystemConfiguration.framework */,
				923A2DFE1C24E9220016950A /* Firebase.framework */,
			);
			name = Libraries;
			sourceTree = "<group>";
		};
		923A2E111C2517420016950A /* ViewControllers */ = {
			isa = PBXGroup;
			children = (
				923A2E0D1C2516C10016950A /* MainViewController.swift */,
				923A2DEE1C24E8C60016950A /* ViewController.swift */,
			);
			name = ViewControllers;
			sourceTree = "<group>";
		};
/* End PBXGroup section */

/* Begin PBXNativeTarget section */
		923A2DE81C24E8C60016950A /* TwitterMach */ = {
			isa = PBXNativeTarget;
			buildConfigurationList = 923A2DFB1C24E8C60016950A /* Build configuration list for PBXNativeTarget "TwitterMach" */;
			buildPhases = (
				923A2DE51C24E8C60016950A /* Sources */,
				923A2DE61C24E8C60016950A /* Frameworks */,
				923A2DE71C24E8C60016950A /* Resources */,
			);
			buildRules = (
			);
			dependencies = (
			);
			name = TwitterMach;
			productName = TwitterMach;
			productReference = 923A2DE91C24E8C60016950A /* TwitterMach.app */;
			productType = "com.apple.product-type.application";
		};
/* End PBXNativeTarget section */

/* Begin PBXProject section */
		923A2DE11C24E8C60016950A /* Project object */ = {
			isa = PBXProject;
			attributes = {
				LastSwiftUpdateCheck = 0720;
				LastUpgradeCheck = 0720;
				ORGANIZATIONNAME = "Jon Harlan";
				TargetAttributes = {
					923A2DE81C24E8C60016950A = {
						CreatedOnToolsVersion = 7.2;
						DevelopmentTeam = 2A3HCCKAKW;
					};
				};
			};
			buildConfigurationList = 923A2DE41C24E8C60016950A /* Build configuration list for PBXProject "TwitterMach" */;
			compatibilityVersion = "Xcode 3.2";
			developmentRegion = English;
			hasScannedForEncodings = 0;
			knownRegions = (
				en,
				Base,
			);
			mainGroup = 923A2DE01C24E8C60016950A;
			productRefGroup = 923A2DEA1C24E8C60016950A /* Products */;
			projectDirPath = "";
			projectRoot = "";
			targets = (
				923A2DE81C24E8C60016950A /* TwitterMach */,
			);
		};
/* End PBXProject section */

/* Begin PBXResourcesBuildPhase section */
		923A2DE71C24E8C60016950A /* Resources */ = {
			isa = PBXResourcesBuildPhase;
			buildActionMask = 2147483647;
			files = (
				923A2DF71C24E8C60016950A /* LaunchScreen.storyboard in Resources */,
				923A2DF41C24E8C60016950A /* Assets.xcassets in Resources */,
				923A2DF21C24E8C60016950A /* Main.storyboard in Resources */,
			);
			runOnlyForDeploymentPostprocessing = 0;
		};
/* End PBXResourcesBuildPhase section */

/* Begin PBXSourcesBuildPhase section */
		923A2DE51C24E8C60016950A /* Sources */ = {
			isa = PBXSourcesBuildPhase;
			buildActionMask = 2147483647;
			files = (
				923A2E0E1C2516C10016950A /* MainViewController.swift in Sources */,
				923A2DEF1C24E8C60016950A /* ViewController.swift in Sources */,
				923A2DED1C24E8C60016950A /* AppDelegate.swift in Sources */,
			);
			runOnlyForDeploymentPostprocessing = 0;
		};
/* End PBXSourcesBuildPhase section */

/* Begin PBXVariantGroup section */
		923A2DF01C24E8C60016950A /* Main.storyboard */ = {
			isa = PBXVariantGroup;
			children = (
				923A2DF11C24E8C60016950A /* Base */,
			);
			name = Main.storyboard;
			sourceTree = "<group>";
		};
		923A2DF51C24E8C60016950A /* LaunchScreen.storyboard */ = {
			isa = PBXVariantGroup;
			children = (
				923A2DF61C24E8C60016950A /* Base */,
			);
			name = LaunchScreen.storyboard;
			sourceTree = "<group>";
		};
/* End PBXVariantGroup section */

/* Begin XCBuildConfiguration section */
		923A2DF91C24E8C60016950A /* Debug */ = {
			isa = XCBuildConfiguration;
			buildSettings = {
				ALWAYS_SEARCH_USER_PATHS = NO;
				CLANG_CXX_LANGUAGE_STANDARD = "gnu++0x";
				CLANG_CXX_LIBRARY = "libc++";
				CLANG_ENABLE_MODULES = YES;
				CLANG_ENABLE_OBJC_ARC = YES;
				CLANG_WARN_BOOL_CONVERSION = YES;
				CLANG_WARN_CONSTANT_CONVERSION = YES;
				CLANG_WARN_DIRECT_OBJC_ISA_USAGE = YES_ERROR;
				CLANG_WARN_EMPTY_BODY = YES;
				CLANG_WARN_ENUM_CONVERSION = YES;
				CLANG_WARN_INT_CONVERSION = YES;
				CLANG_WARN_OBJC_ROOT_CLASS = YES_ERROR;
				CLANG_WARN_UNREACHABLE_CODE = YES;
				CLANG_WARN__DUPLICATE_METHOD_MATCH = YES;
				"CODE_SIGN_IDENTITY[sdk=iphoneos*]" = "iPhone Developer";
				COPY_PHASE_STRIP = NO;
				DEBUG_INFORMATION_FORMAT = dwarf;
				ENABLE_STRICT_OBJC_MSGSEND = YES;
				ENABLE_TESTABILITY = YES;
				GCC_C_LANGUAGE_STANDARD = gnu99;
				GCC_DYNAMIC_NO_PIC = NO;
				GCC_NO_COMMON_BLOCKS = YES;
				GCC_OPTIMIZATION_LEVEL = 0;
				GCC_PREPROCESSOR_DEFINITIONS = (
					"DEBUG=1",
					"$(inherited)",
				);
				GCC_WARN_64_TO_32_BIT_CONVERSION = YES;
				GCC_WARN_ABOUT_RETURN_TYPE = YES_ERROR;
				GCC_WARN_UNDECLARED_SELECTOR = YES;
				GCC_WARN_UNINITIALIZED_AUTOS = YES_AGGRESSIVE;
				GCC_WARN_UNUSED_FUNCTION = YES;
				GCC_WARN_UNUSED_VARIABLE = YES;
				IPHONEOS_DEPLOYMENT_TARGET = 9.2;
				MTL_ENABLE_DEBUG_INFO = YES;
				ONLY_ACTIVE_ARCH = YES;
				SDKROOT = iphoneos;
				SWIFT_OPTIMIZATION_LEVEL = "-Onone";
			};
			name = Debug;
		};
		923A2DFA1C24E8C60016950A /* Release */ = {
			isa = XCBuildConfiguration;
			buildSettings = {
				ALWAYS_SEARCH_USER_PATHS = NO;
				CLANG_CXX_LANGUAGE_STANDARD = "gnu++0x";
				CLANG_CXX_LIBRARY = "libc++";
				CLANG_ENABLE_MODULES = YES;
				CLANG_ENABLE_OBJC_ARC = YES;
				CLANG_WARN_BOOL_CONVERSION = YES;
				CLANG_WARN_CONSTANT_CONVERSION = YES;
				CLANG_WARN_DIRECT_OBJC_ISA_USAGE = YES_ERROR;
				CLANG_WARN_EMPTY_BODY = YES;
				CLANG_WARN_ENUM_CONVERSION = YES;
				CLANG_WARN_INT_CONVERSION = YES;
				CLANG_WARN_OBJC_ROOT_CLASS = YES_ERROR;
				CLANG_WARN_UNREACHABLE_CODE = YES;
				CLANG_WARN__DUPLICATE_METHOD_MATCH = YES;
				"CODE_SIGN_IDENTITY[sdk=iphoneos*]" = "iPhone Developer";
				COPY_PHASE_STRIP = NO;
				DEBUG_INFORMATION_FORMAT = "dwarf-with-dsym";
				ENABLE_NS_ASSERTIONS = NO;
				ENABLE_STRICT_OBJC_MSGSEND = YES;
				GCC_C_LANGUAGE_STANDARD = gnu99;
				GCC_NO_COMMON_BLOCKS = YES;
				GCC_WARN_64_TO_32_BIT_CONVERSION = YES;
				GCC_WARN_ABOUT_RETURN_TYPE = YES_ERROR;
				GCC_WARN_UNDECLARED_SELECTOR = YES;
				GCC_WARN_UNINITIALIZED_AUTOS = YES_AGGRESSIVE;
				GCC_WARN_UNUSED_FUNCTION = YES;
				GCC_WARN_UNUSED_VARIABLE = YES;
				IPHONEOS_DEPLOYMENT_TARGET = 9.2;
				MTL_ENABLE_DEBUG_INFO = NO;
				SDKROOT = iphoneos;
				VALIDATE_PRODUCT = YES;
			};
			name = Release;
		};
		923A2DFC1C24E8C60016950A /* Debug */ = {
			isa = XCBuildConfiguration;
			buildSettings = {
				ASSETCATALOG_COMPILER_APPICON_NAME = AppIcon;
				CLANG_ENABLE_MODULES = YES;
				FRAMEWORK_SEARCH_PATHS = (
					"$(inherited)",
					"$(PROJECT_DIR)/TwitterMach",
				);
				INFOPLIST_FILE = TwitterMach/Info.plist;
				LD_RUNPATH_SEARCH_PATHS = "$(inherited) @executable_path/Frameworks";
				OTHER_LDFLAGS = "-ObjC";
				PRODUCT_BUNDLE_IDENTIFIER = RydeHQ.TwitterMach;
				PRODUCT_NAME = "$(TARGET_NAME)";
				SWIFT_OBJC_BRIDGING_HEADER = "TwitterMach/TwitterMach-Bridging-Header.h";
				SWIFT_OPTIMIZATION_LEVEL = "-Onone";
			};
			name = Debug;
		};
		923A2DFD1C24E8C60016950A /* Release */ = {
			isa = XCBuildConfiguration;
			buildSettings = {
				ASSETCATALOG_COMPILER_APPICON_NAME = AppIcon;
				CLANG_ENABLE_MODULES = YES;
				FRAMEWORK_SEARCH_PATHS = (
					"$(inherited)",
					"$(PROJECT_DIR)/TwitterMach",
				);
				INFOPLIST_FILE = TwitterMach/Info.plist;
				LD_RUNPATH_SEARCH_PATHS = "$(inherited) @executable_path/Frameworks";
				OTHER_LDFLAGS = "-ObjC";
				PRODUCT_BUNDLE_IDENTIFIER = RydeHQ.TwitterMach;
				PRODUCT_NAME = "$(TARGET_NAME)";
				SWIFT_OBJC_BRIDGING_HEADER = "TwitterMach/TwitterMach-Bridging-Header.h";
			};
			name = Release;
		};
/* End XCBuildConfiguration section */

/* Begin XCConfigurationList section */
		923A2DE41C24E8C60016950A /* Build configuration list for PBXProject "TwitterMach" */ = {
			isa = XCConfigurationList;
			buildConfigurations = (
				923A2DF91C24E8C60016950A /* Debug */,
				923A2DFA1C24E8C60016950A /* Release */,
			);
			defaultConfigurationIsVisible = 0;
			defaultConfigurationName = Release;
		};
		923A2DFB1C24E8C60016950A /* Build configuration list for PBXNativeTarget "TwitterMach" */ = {
			isa = XCConfigurationList;
			buildConfigurations = (
				923A2DFC1C24E8C60016950A /* Debug */,
				923A2DFD1C24E8C60016950A /* Release */,
			);
			defaultConfigurationIsVisible = 0;
			defaultConfigurationName = Release;
		};
/* End XCConfigurationList section */
	};
	rootObject = 923A2DE11C24E8C60016950A /* Project object */;
}
